// !$*UTF8*$!
{
	archiveVersion = 1;
	classes = {
	};
	objectVersion = 46;
	objects = {

/* Begin PBXBuildFile section */
		9B03FB561E27B25C00FEF516 /* main.m in Sources */ = {isa = PBXBuildFile; fileRef = 9B03FB551E27B25C00FEF516 /* main.m */; };
		9B03FB591E27B25C00FEF516 /* AppDelegate.m in Sources */ = {isa = PBXBuildFile; fileRef = 9B03FB581E27B25C00FEF516 /* AppDelegate.m */; };
		9B03FB5C1E27B25C00FEF516 /* ViewController.m in Sources */ = {isa = PBXBuildFile; fileRef = 9B03FB5B1E27B25C00FEF516 /* ViewController.m */; };
		9B03FB5F1E27B25C00FEF516 /* Main.storyboard in Resources */ = {isa = PBXBuildFile; fileRef = 9B03FB5D1E27B25C00FEF516 /* Main.storyboard */; };
		9B03FB611E27B25C00FEF516 /* Assets.xcassets in Resources */ = {isa = PBXBuildFile; fileRef = 9B03FB601E27B25C00FEF516 /* Assets.xcassets */; };
		9B03FB641E27B25C00FEF516 /* LaunchScreen.storyboard in Resources */ = {isa = PBXBuildFile; fileRef = 9B03FB621E27B25C00FEF516 /* LaunchScreen.storyboard */; };
/* End PBXBuildFile section */

/* Begin PBXFileReference section */
		9B03FB511E27B25C00FEF516 /* TestProject.app */ = {isa = PBXFileReference; explicitFileType = wrapper.application; includeInIndex = 0; path = TestProject.app; sourceTree = BUILT_PRODUCTS_DIR; };
		9B03FB551E27B25C00FEF516 /* main.m */ = {isa = PBXFileReference; lastKnownFileType = sourcecode.c.objc; path = main.m; sourceTree = "<group>"; };
		9B03FB571E27B25C00FEF516 /* AppDelegate.h */ = {isa = PBXFileReference; lastKnownFileType = sourcecode.c.h; path = AppDelegate.h; sourceTree = "<group>"; };
		9B03FB581E27B25C00FEF516 /* AppDelegate.m */ = {isa = PBXFileReference; lastKnownFileType = sourcecode.c.objc; path = AppDelegate.m; sourceTree = "<group>"; };
		9B03FB5A1E27B25C00FEF516 /* ViewController.h */ = {isa = PBXFileReference; lastKnownFileType = sourcecode.c.h; path = ViewController.h; sourceTree = "<group>"; };
		9B03FB5B1E27B25C00FEF516 /* ViewController.m */ = {isa = PBXFileReference; lastKnownFileType = sourcecode.c.objc; path = ViewController.m; sourceTree = "<group>"; };
		9B03FB5E1E27B25C00FEF516 /* Base */ = {isa = PBXFileReference; lastKnownFileType = file.storyboard; name = Base; path = Base.lproj/Main.storyboard; sourceTree = "<group>"; };
		9B03FB601E27B25C00FEF516 /* Assets.xcassets */ = {isa = PBXFileReference; lastKnownFileType = folder.assetcatalog; path = Assets.xcassets; sourceTree = "<group>"; };
		9B03FB631E27B25C00FEF516 /* Base */ = {isa = PBXFileReference; lastKnownFileType = file.storyboard; name = Base; path = Base.lproj/LaunchScreen.storyboard; sourceTree = "<group>"; };
		9B03FB651E27B25C00FEF516 /* Info.plist */ = {isa = PBXFileReference; lastKnownFileType = text.plist.xml; path = Info.plist; sourceTree = "<group>"; };
/* End PBXFileReference section */

/* Begin PBXFrameworksBuildPhase section */
		9B03FB4E1E27B25C00FEF516 /* Frameworks */ = {
			isa = PBXFrameworksBuildPhase;
			buildActionMask = 2147483647;
			files = (
			);
			runOnlyForDeploymentPostprocessing = 0;
		};
/* End PBXFrameworksBuildPhase section */

/* Begin PBXGroup section */
		9B03FB481E27B25C00FEF516 = {
			isa = PBXGroup;
			children = (
				9B03FB531E27B25C00FEF516 /* TestProject */,
				9B03FB521E27B25C00FEF516 /* Products */,
			);
			sourceTree = "<group>";
		};
		9B03FB521E27B25C00FEF516 /* Products */ = {
			isa = PBXGroup;
			children = (
				9B03FB511E27B25C00FEF516 /* TestProject.app */,
			);
			name = Products;
			sourceTree = "<group>";
		};
		9B03FB531E27B25C00FEF516 /* TestProject */ = {
			isa = PBXGroup;
			children = (
				9B03FB571E27B25C00FEF516 /* AppDelegate.h */,
				9B03FB581E27B25C00FEF516 /* AppDelegate.m */,
				9B03FB5A1E27B25C00FEF516 /* ViewController.h */,
				9B03FB5B1E27B25C00FEF516 /* ViewController.m */,
				9B03FB5D1E27B25C00FEF516 /* Main.storyboard */,
				9B03FB601E27B25C00FEF516 /* Assets.xcassets */,
				9B03FB621E27B25C00FEF516 /* LaunchScreen.storyboard */,
				9B03FB651E27B25C00FEF516 /* Info.plist */,
				9B03FB541E27B25C00FEF516 /* Supporting Files */,
			);
			path = TestProject;
			sourceTree = "<group>";
		};
		9B03FB541E27B25C00FEF516 /* Supporting Files */ = {
			isa = PBXGroup;
			children = (
				9B03FB551E27B25C00FEF516 /* main.m */,
			);
			name = "Supporting Files";
			sourceTree = "<group>";
		};
/* End PBXGroup section */

/* Begin PBXNativeTarget section */
		9B03FB501E27B25C00FEF516 /* TestProject */ = {
			isa = PBXNativeTarget;
			buildConfigurationList = 9B03FB681E27B25C00FEF516 /* Build configuration list for PBXNativeTarget "TestProject" */;
			buildPhases = (
				9B03FB4D1E27B25C00FEF516 /* Sources */,
				9B03FB4E1E27B25C00FEF516 /* Frameworks */,
				9B03FB4F1E27B25C00FEF516 /* Resources */,
			);
			buildRules = (
			);
			dependencies = (
			);
			name = TestProject;
			productName = TestProject;
			productReference = 9B03FB511E27B25C00FEF516 /* TestProject.app */;
			productType = "com.apple.product-type.application";
		};
/* End PBXNativeTarget section */

/* Begin PBXProject section */
		9B03FB491E27B25C00FEF516 /* Project object */ = {
			isa = PBXProject;
			attributes = {
				LastUpgradeCheck = 0800;
				ORGANIZATIONNAME = Techjini;
				TargetAttributes = {
					9B03FB501E27B25C00FEF516 = {
						CreatedOnToolsVersion = 8.0;
						ProvisioningStyle = Automatic;
					};
				};
			};
			buildConfigurationList = 9B03FB4C1E27B25C00FEF516 /* Build configuration list for PBXProject "TestProject" */;
			compatibilityVersion = "Xcode 3.2";
			developmentRegion = English;
			hasScannedForEncodings = 0;
			knownRegions = (
				en,
				Base,
			);
			mainGroup = 9B03FB481E27B25C00FEF516;
			productRefGroup = 9B03FB521E27B25C00FEF516 /* Products */;
			projectDirPath = "";
			projectRoot = "";
			targets = (
				9B03FB501E27B25C00FEF516 /* TestProject */,
			);
		};
/* End PBXProject section */

/* Begin PBXResourcesBuildPhase section */
		9B03FB4F1E27B25C00FEF516 /* Resources */ = {
			isa = PBXResourcesBuildPhase;
			buildActionMask = 2147483647;
			files = (
				9B03FB641E27B25C00FEF516 /* LaunchScreen.storyboard in Resources */,
				9B03FB611E27B25C00FEF516 /* Assets.xcassets in Resources */,
				9B03FB5F1E27B25C00FEF516 /* Main.storyboard in Resources */,
			);
			runOnlyForDeploymentPostprocessing = 0;
		};
/* End PBXResourcesBuildPhase section */

/* Begin PBXSourcesBuildPhase section */
		9B03FB4D1E27B25C00FEF516 /* Sources */ = {
			isa = PBXSourcesBuildPhase;
			buildActionMask = 2147483647;
			files = (
				9B03FB5C1E27B25C00FEF516 /* ViewController.m in Sources */,
				9B03FB591E27B25C00FEF516 /* AppDelegate.m in Sources */,
				9B03FB561E27B25C00FEF516 /* main.m in Sources */,
			);
			runOnlyForDeploymentPostprocessing = 0;
		};
/* End PBXSourcesBuildPhase section */

/* Begin PBXVariantGroup section */
		9B03FB5D1E27B25C00FEF516 /* Main.storyboard */ = {
			isa = PBXVariantGroup;
			children = (
				9B03FB5E1E27B25C00FEF516 /* Base */,
			);
			name = Main.storyboard;
			sourceTree = "<group>";
		};
		9B03FB621E27B25C00FEF516 /* LaunchScreen.storyboard */ = {
			isa = PBXVariantGroup;
			children = (
				9B03FB631E27B25C00FEF516 /* Base */,
			);
			name = LaunchScreen.storyboard;
			sourceTree = "<group>";
		};
/* End PBXVariantGroup section */

/* Begin XCBuildConfiguration section */
		9B03FB661E27B25C00FEF516 /* Debug */ = {
			isa = XCBuildConfiguration;
			buildSettings = {
				ALWAYS_SEARCH_USER_PATHS = NO;
				CLANG_ANALYZER_NONNULL = YES;
				CLANG_CXX_LANGUAGE_STANDARD = "gnu++0x";
				CLANG_CXX_LIBRARY = "libc++";
				CLANG_ENABLE_MODULES = YES;
				CLANG_ENABLE_OBJC_ARC = YES;
				CLANG_WARN_BOOL_CONVERSION = YES;
				CLANG_WARN_CONSTANT_CONVERSION = YES;
				CLANG_WARN_DIRECT_OBJC_ISA_USAGE = YES_ERROR;
				CLANG_WARN_DOCUMENTATION_COMMENTS = YES;
				CLANG_WARN_EMPTY_BODY = YES;
				CLANG_WARN_ENUM_CONVERSION = YES;
				CLANG_WARN_INFINITE_RECURSION = YES;
				CLANG_WARN_INT_CONVERSION = YES;
				CLANG_WARN_OBJC_ROOT_CLASS = YES_ERROR;
				CLANG_WARN_SUSPICIOUS_MOVES = YES;
				CLANG_WARN_UNREACHABLE_CODE = YES;
				CLANG_WARN__DUPLICATE_METHOD_MATCH = YES;
				"CODE_SIGN_IDENTITY[sdk=iphoneos*]" = "iPhone Developer";
				COPY_PHASE_STRIP = NO;
				DEBUG_INFORMATION_FORMAT = dwarf;
				ENABLE_STRICT_OBJC_MSGSEND = YES;
				ENABLE_TESTABILITY = YES;
				GCC_C_LANGUAGE_STANDARD = gnu99;
				GCC_DYNAMIC_NO_PIC = NO;
				GCC_NO_COMMON_BLOCKS = YES;
				GCC_OPTIMIZATION_LEVEL = 0;
				GCC_PREPROCESSOR_DEFINITIONS = (
					"DEBUG=1",
					"$(inherited)",
				);
				GCC_WARN_64_TO_32_BIT_CONVERSION = YES;
				GCC_WARN_ABOUT_RETURN_TYPE = YES_ERROR;
				GCC_WARN_UNDECLARED_SELECTOR = YES;
				GCC_WARN_UNINITIALIZED_AUTOS = YES_AGGRESSIVE;
				GCC_WARN_UNUSED_FUNCTION = YES;
				GCC_WARN_UNUSED_VARIABLE = YES;
				IPHONEOS_DEPLOYMENT_TARGET = 10.0;
				MTL_ENABLE_DEBUG_INFO = YES;
				ONLY_ACTIVE_ARCH = YES;
				SDKROOT = iphoneos;
			};
			name = Debug;
		};
		9B03FB671E27B25C00FEF516 /* Release */ = {
			isa = XCBuildConfiguration;
			buildSettings = {
				ALWAYS_SEARCH_USER_PATHS = NO;
				CLANG_ANALYZER_NONNULL = YES;
				CLANG_CXX_LANGUAGE_STANDARD = "gnu++0x";
				CLANG_CXX_LIBRARY = "libc++";
				CLANG_ENABLE_MODULES = YES;
				CLANG_ENABLE_OBJC_ARC = YES;
				CLANG_WARN_BOOL_CONVERSION = YES;
				CLANG_WARN_CONSTANT_CONVERSION = YES;
				CLANG_WARN_DIRECT_OBJC_ISA_USAGE = YES_ERROR;
				CLANG_WARN_DOCUMENTATION_COMMENTS = YES;
				CLANG_WARN_EMPTY_BODY = YES;
				CLANG_WARN_ENUM_CONVERSION = YES;
				CLANG_WARN_INFINITE_RECURSION = YES;
				CLANG_WARN_INT_CONVERSION = YES;
				CLANG_WARN_OBJC_ROOT_CLASS = YES_ERROR;
				CLANG_WARN_SUSPICIOUS_MOVES = YES;
				CLANG_WARN_UNREACHABLE_CODE = YES;
				CLANG_WARN__DUPLICATE_METHOD_MATCH = YES;
				"CODE_SIGN_IDENTITY[sdk=iphoneos*]" = "iPhone Developer";
				COPY_PHASE_STRIP = NO;
				DEBUG_INFORMATION_FORMAT = "dwarf-with-dsym";
				ENABLE_NS_ASSERTIONS = NO;
				ENABLE_STRICT_OBJC_MSGSEND = YES;
				GCC_C_LANGUAGE_STANDARD = gnu99;
				GCC_NO_COMMON_BLOCKS = YES;
				GCC_WARN_64_TO_32_BIT_CONVERSION = YES;
				GCC_WARN_ABOUT_RETURN_TYPE = YES_ERROR;
				GCC_WARN_UNDECLARED_SELECTOR = YES;
				GCC_WARN_UNINITIALIZED_AUTOS = YES_AGGRESSIVE;
				GCC_WARN_UNUSED_FUNCTION = YES;
				GCC_WARN_UNUSED_VARIABLE = YES;
				IPHONEOS_DEPLOYMENT_TARGET = 10.0;
				MTL_ENABLE_DEBUG_INFO = NO;
				SDKROOT = iphoneos;
				VALIDATE_PRODUCT = YES;
			};
			name = Release;
		};
		9B03FB691E27B25C00FEF516 /* Debug */ = {
			isa = XCBuildConfiguration;
			buildSettings = {
				ASSETCATALOG_COMPILER_APPICON_NAME = AppIcon;
				INFOPLIST_FILE = TestProject/Info.plist;
				LD_RUNPATH_SEARCH_PATHS = "$(inherited) @executable_path/Frameworks";
				PRODUCT_BUNDLE_IDENTIFIER = com.techjini.TestProject;
				PRODUCT_NAME = "$(TARGET_NAME)";
			};
			name = Debug;
		};
		9B03FB6A1E27B25C00FEF516 /* Release */ = {
			isa = XCBuildConfiguration;
			buildSettings = {
				ASSETCATALOG_COMPILER_APPICON_NAME = AppIcon;
				INFOPLIST_FILE = TestProject/Info.plist;
				LD_RUNPATH_SEARCH_PATHS = "$(inherited) @executable_path/Frameworks";
				PRODUCT_BUNDLE_IDENTIFIER = com.techjini.TestProject;
				PRODUCT_NAME = "$(TARGET_NAME)";
			};
			name = Release;
		};
/* End XCBuildConfiguration section */

/* Begin XCConfigurationList section */
		9B03FB4C1E27B25C00FEF516 /* Build configuration list for PBXProject "TestProject" */ = {
			isa = XCConfigurationList;
			buildConfigurations = (
				9B03FB661E27B25C00FEF516 /* Debug */,
				9B03FB671E27B25C00FEF516 /* Release */,
			);
			defaultConfigurationIsVisible = 0;
			defaultConfigurationName = Release;
		};
		9B03FB681E27B25C00FEF516 /* Build configuration list for PBXNativeTarget "TestProject" */ = {
			isa = XCConfigurationList;
			buildConfigurations = (
				9B03FB691E27B25C00FEF516 /* Debug */,
				9B03FB6A1E27B25C00FEF516 /* Release */,
			);
			defaultConfigurationIsVisible = 0;
		};
/* End XCConfigurationList section */
	};
	rootObject = 9B03FB491E27B25C00FEF516 /* Project object */;
}
